
Microsoft Visual Studio Solution File, Format Version 12.00
# Visual Studio Version 17
VisualStudioVersion = 17.8.34330.188
MinimumVisualStudioVersion = 10.0.40219.1
Project("{FAE04EC0-301F-11D3-BF4B-00C04F79EFBC}") = "RouxAcademy", "RouxAcademy\RouxAcademy.csproj", "{0B3661C6-4E03-46A2-92A7-5977215C77F2}"
EndProject
Project("{FAE04EC0-301F-11D3-BF4B-00C04F79EFBC}") = "TokenService", "TokenService\TokenService.csproj", "{D6713512-4FC1-44AA-9C41-CB819CF73B37}"
EndProject
Global
	GlobalSection(SolutionConfigurationPlatforms) = preSolution
		Debug|Any CPU = Debug|Any CPU
		Release|Any CPU = Release|Any CPU
	EndGlobalSection
	GlobalSection(ProjectConfigurationPlatforms) = postSolution
		{0B3661C6-4E03-46A2-92A7-5977215C77F2}.Debug|Any CPU.ActiveCfg = Debug|Any CPU
		{0B3661C6-4E03-46A2-92A7-5977215C77F2}.Debug|Any CPU.Build.0 = Debug|Any CPU
		{0B3661C6-4E03-46A2-92A7-5977215C77F2}.Release|Any CPU.ActiveCfg = Release|Any CPU
		{0B3661C6-4E03-46A2-92A7-5977215C77F2}.Release|Any CPU.Build.0 = Release|Any CPU
		{D6713512-4FC1-44AA-9C41-CB819CF73B37}.Debug|Any CPU.ActiveCfg = Debug|Any CPU
		{D6713512-4FC1-44AA-9C41-CB819CF73B37}.Debug|Any CPU.Build.0 = Debug|Any CPU
		{D6713512-4FC1-44AA-9C41-CB819CF73B37}.Release|Any CPU.ActiveCfg = Release|Any CPU
		{D6713512-4FC1-44AA-9C41-CB819CF73B37}.Release|Any CPU.Build.0 = Release|Any CPU
	EndGlobalSection
	GlobalSection(SolutionProperties) = preSolution
		HideSolutionNode = FALSE
	EndGlobalSection
	GlobalSection(ExtensibilityGlobals) = postSolution
		SolutionGuid = {6D4AF9AF-3A5F-4341-A0B9-B4DDCF935259}
	EndGlobalSection
EndGlobal
